
Microsoft Visual Studio Solution File, Format Version 12.00
# Visual Studio Version 17
VisualStudioVersion = 17.4.33205.214
MinimumVisualStudioVersion = 10.0.40219.1
Project("{9A19103F-16F7-4668-BE54-9A1E7A4F7556}") = "MIP Manager", "src\MIP Manager.csproj", "{028A051D-9A31-413B-8CF2-3029519D6F6B}"
EndProject
Global
	GlobalSection(SolutionConfigurationPlatforms) = preSolution
		Debug|Any CPU = Debug|Any CPU
		Release|Any CPU = Release|Any CPU
	EndGlobalSection
	GlobalSection(ProjectConfigurationPlatforms) = postSolution
		{028A051D-9A31-413B-8CF2-3029519D6F6B}.Debug|Any CPU.ActiveCfg = Debug|Any CPU
		{028A051D-9A31-413B-8CF2-3029519D6F6B}.Debug|Any CPU.Build.0 = Debug|Any CPU
		{028A051D-9A31-413B-8CF2-3029519D6F6B}.Release|Any CPU.ActiveCfg = Release|Any CPU
		{028A051D-9A31-413B-8CF2-3029519D6F6B}.Release|Any CPU.Build.0 = Release|Any CPU
	EndGlobalSection
	GlobalSection(SolutionProperties) = preSolution
		HideSolutionNode = FALSE
	EndGlobalSection
	GlobalSection(ExtensibilityGlobals) = postSolution
		SolutionGuid = {44B8F66A-72CB-4F16-A99B-4462226F4600}
	EndGlobalSection
EndGlobal
